
Microsoft Visual Studio Solution File, Format Version 12.00
# Visual Studio 15
VisualStudioVersion = 15.0.28307.1082
MinimumVisualStudioVersion = 10.0.40219.1
Project("{FAE04EC0-301F-11D3-BF4B-00C04F79EFBC}") = "ServicioWebApi", "ServicioWebApi\ServicioWebApi.csproj", "{03F11184-8009-4F47-B5DC-9FD3809AA81F}"
EndProject
Project("{FAE04EC0-301F-11D3-BF4B-00C04F79EFBC}") = "ServicioWebDatos", "ServicioWebDatos\ServicioWebDatos.csproj", "{C85BA597-49AE-4269-91AC-B6AB9605D78D}"
EndProject
Global
	GlobalSection(SolutionConfigurationPlatforms) = preSolution
		Debug|Any CPU = Debug|Any CPU
		Release|Any CPU = Release|Any CPU
	EndGlobalSection
	GlobalSection(ProjectConfigurationPlatforms) = postSolution
		{03F11184-8009-4F47-B5DC-9FD3809AA81F}.Debug|Any CPU.ActiveCfg = Debug|Any CPU
		{03F11184-8009-4F47-B5DC-9FD3809AA81F}.Debug|Any CPU.Build.0 = Debug|Any CPU
		{03F11184-8009-4F47-B5DC-9FD3809AA81F}.Release|Any CPU.ActiveCfg = Release|Any CPU
		{03F11184-8009-4F47-B5DC-9FD3809AA81F}.Release|Any CPU.Build.0 = Release|Any CPU
		{C85BA597-49AE-4269-91AC-B6AB9605D78D}.Debug|Any CPU.ActiveCfg = Debug|Any CPU
		{C85BA597-49AE-4269-91AC-B6AB9605D78D}.Debug|Any CPU.Build.0 = Debug|Any CPU
		{C85BA597-49AE-4269-91AC-B6AB9605D78D}.Release|Any CPU.ActiveCfg = Release|Any CPU
		{C85BA597-49AE-4269-91AC-B6AB9605D78D}.Release|Any CPU.Build.0 = Release|Any CPU
	EndGlobalSection
	GlobalSection(SolutionProperties) = preSolution
		HideSolutionNode = FALSE
	EndGlobalSection
	GlobalSection(ExtensibilityGlobals) = postSolution
		SolutionGuid = {70FBA2AB-F8FE-4C18-B450-A1497B451ACE}
	EndGlobalSection
EndGlobal
